# generated by rye
# use `rye lock` or `rye sync` to update this lockfile
#
# last locked with the following flags:
#   pre: false
#   features: []
#   all-features: false
#   with-sources: false

-e file:.
ffmpeg-python==0.2.0
    # via silver-disco
future==1.0.0
    # via ffmpeg-python
imutils==0.5.4
    # via silver-disco
numpy==1.26.4
    # via opencv-contrib-python-headless
opencv-contrib-python-headless==4.9.0.80
    # via silver-disco
